
Microsoft Visual Studio Solution File, Format Version 12.00
# Visual Studio 15
VisualStudioVersion = 15.0.28307.902
MinimumVisualStudioVersion = 10.0.40219.1
Project("{FAE04EC0-301F-11D3-BF4B-00C04F79EFBC}") = "TowerDefenseGame", "TowerDefenseGame\TowerDefenseGame.csproj", "{B53A7D2D-E6D1-4AC0-A2DE-0E5E30741BC4}"
EndProject
Project("{FAE04EC0-301F-11D3-BF4B-00C04F79EFBC}") = "TowerDefenseGame.Logic.Tests", "TowerDefenseGame.Logic.Tests\TowerDefenseGame.Logic.Tests.csproj", "{13111472-F8ED-4071-A4A5-AB1B1EA67AE5}"
EndProject
Global
	GlobalSection(SolutionConfigurationPlatforms) = preSolution
		Debug|Any CPU = Debug|Any CPU
		Release|Any CPU = Release|Any CPU
	EndGlobalSection
	GlobalSection(ProjectConfigurationPlatforms) = postSolution
		{B53A7D2D-E6D1-4AC0-A2DE-0E5E30741BC4}.Debug|Any CPU.ActiveCfg = Debug|Any CPU
		{B53A7D2D-E6D1-4AC0-A2DE-0E5E30741BC4}.Debug|Any CPU.Build.0 = Debug|Any CPU
		{B53A7D2D-E6D1-4AC0-A2DE-0E5E30741BC4}.Release|Any CPU.ActiveCfg = Release|Any CPU
		{B53A7D2D-E6D1-4AC0-A2DE-0E5E30741BC4}.Release|Any CPU.Build.0 = Release|Any CPU
		{13111472-F8ED-4071-A4A5-AB1B1EA67AE5}.Debug|Any CPU.ActiveCfg = Debug|Any CPU
		{13111472-F8ED-4071-A4A5-AB1B1EA67AE5}.Debug|Any CPU.Build.0 = Debug|Any CPU
		{13111472-F8ED-4071-A4A5-AB1B1EA67AE5}.Release|Any CPU.ActiveCfg = Release|Any CPU
		{13111472-F8ED-4071-A4A5-AB1B1EA67AE5}.Release|Any CPU.Build.0 = Release|Any CPU
	EndGlobalSection
	GlobalSection(SolutionProperties) = preSolution
		HideSolutionNode = FALSE
	EndGlobalSection
	GlobalSection(ExtensibilityGlobals) = postSolution
		SolutionGuid = {CC57C7F3-3BF2-40AF-8F84-C0FCECF2F424}
	EndGlobalSection
EndGlobal
